{
  "lockfile_version": "1",
  "packages": {
    "aider-chat@latest": {
      "last_modified": "2025-08-11T23:54:17Z",
      "resolved": "github:NixOS/nixpkgs/5a983011e0f4b3b286aaa73e011ce32b1449a528#aider-chat",
      "source": "devbox-search",
      "version": "0.86.0",
      "systems": {
        "aarch64-darwin": {
          "outputs": [
            {
              "name": "out",
              "path": "/nix/store/f0cww8yfr2qxsqyn0x6hxppspvwc9kyc-aider-chat-0.86.0",
              "default": true
            },
            {
              "name": "dist",
              "path": "/nix/store/qskrs0fx5nw9z0wvxv24fhz5dk7xmclz-aider-chat-0.86.0-dist"
            }
          ],
          "store_path": "/nix/store/f0cww8yfr2qxsqyn0x6hxppspvwc9kyc-aider-chat-0.86.0"
        },
        "aarch64-linux": {
          "outputs": [
            {
              "name": "out",
              "path": "/nix/store/sbidah46hc3ln78hdz0852zyfs4spcnj-aider-chat-0.86.0",
              "default": true
            },
            {
              "name": "dist",
              "path": "/nix/store/3nyv9y0scm3013b8n3wbqkq5nykniw12-aider-chat-0.86.0-dist"
            }
          ],
          "store_path": "/nix/store/sbidah46hc3ln78hdz0852zyfs4spcnj-aider-chat-0.86.0"
        },
        "x86_64-darwin": {
          "outputs": [
            {
              "name": "out",
              "path": "/nix/store/wwpr25qpx7hhrq4l27y3w5inpbw0dzwb-aider-chat-0.86.0",
              "default": true
            },
            {
              "name": "dist",
              "path": "/nix/store/7yml6aipsyx6g3bg4n44apccv2jrsnp3-aider-chat-0.86.0-dist"
            }
          ],
          "store_path": "/nix/store/wwpr25qpx7hhrq4l27y3w5inpbw0dzwb-aider-chat-0.86.0"
        },
        "x86_64-linux": {
          "outputs": [
            {
              "name": "out",
              "path": "/nix/store/rjqfw5nqrzpyr0yfrcpppsyr8b6j571k-aider-chat-0.86.0",
              "default": true
            },
            {
              "name": "dist",
              "path": "/nix/store/k7kvp9rcb5ggigqa4qixapzg36jw22r5-aider-chat-0.86.0-dist"
            }
          ],
          "store_path": "/nix/store/rjqfw5nqrzpyr0yfrcpppsyr8b6j571k-aider-chat-0.86.0"
        }
      }
    },
    "bun@latest": {
      "last_modified": "2025-03-13T11:38:39Z",
      "resolved": "github:NixOS/nixpkgs/573c650e8a14b2faa0041645ab18aed7e60f0c9a#bun",
      "source": "devbox-search",
      "version": "1.2.5",
      "systems": {
        "aarch64-darwin": {
          "outputs": [
            {
              "name": "out",
              "path": "/nix/store/rzf81xw57rp8vqjwchbcsqb2fy4j51bm-bun-1.2.5",
              "default": true
            }
          ],
          "store_path": "/nix/store/rzf81xw57rp8vqjwchbcsqb2fy4j51bm-bun-1.2.5"
        },
        "aarch64-linux": {
          "outputs": [
            {
              "name": "out",
              "path": "/nix/store/2rqxjvjk0dmr1wjw4sqy3grx3y6brk2c-bun-1.2.5",
              "default": true
            }
          ],
          "store_path": "/nix/store/2rqxjvjk0dmr1wjw4sqy3grx3y6brk2c-bun-1.2.5"
        },
        "x86_64-darwin": {
          "outputs": [
            {
              "name": "out",
              "path": "/nix/store/6nnqxvad5qw8clhawzabld44zngj76j7-bun-1.2.5",
              "default": true
            }
          ],
          "store_path": "/nix/store/6nnqxvad5qw8clhawzabld44zngj76j7-bun-1.2.5"
        },
        "x86_64-linux": {
          "outputs": [
            {
              "name": "out",
              "path": "/nix/store/g8k9g77pf9a1pqbjhfnsh6qam4j5a3cg-bun-1.2.5",
              "default": true
            }
          ],
          "store_path": "/nix/store/g8k9g77pf9a1pqbjhfnsh6qam4j5a3cg-bun-1.2.5"
        }
      }
    },
    "curl@latest": {
      "last_modified": "2025-03-27T11:50:31Z",
      "resolved": "github:NixOS/nixpkgs/6c5963357f3c1c840201eda129a99d455074db04#curl",
      "source": "devbox-search",
      "version": "8.12.1",
      "systems": {
        "aarch64-darwin": {
          "outputs": [
            {
              "name": "bin",
              "path": "/nix/store/86fqlv3ivlg7wxqg2zyxdaba79f964xc-curl-8.12.1-bin",
              "default": true
            },
            {
              "name": "man",
              "path": "/nix/store/pbbm6l8x61w0n0v1f0q5k8fbl3wrwdhx-curl-8.12.1-man",
              "default": true
            },
            {
              "name": "dev",
              "path": "/nix/store/3gaqczbhg021cyxbdipa072bmwxn5rii-curl-8.12.1-dev"
            },
            {
              "name": "devdoc",
              "path": "/nix/store/6ln0174ccp76y126pjypqmh3i2wakyv3-curl-8.12.1-devdoc"
            },
            {
              "name": "out",
              "path": "/nix/store/qgag9flqkdc2pplvcvzbrbicy66yh3fn-curl-8.12.1"
            }
          ],
          "store_path": "/nix/store/86fqlv3ivlg7wxqg2zyxdaba79f964xc-curl-8.12.1-bin"
        },
        "aarch64-linux": {
          "outputs": [
            {
              "name": "bin",
              "path": "/nix/store/z7wva8na2xihw715flhf7qzxmzajh2ka-curl-8.12.1-bin",
              "default": true
            },
            {
              "name": "man",
              "path": "/nix/store/80njhwgrrzkzhi3mmbzy14vnq837m3zv-curl-8.12.1-man",
              "default": true
            },
            {
              "name": "debug",
              "path": "/nix/store/775cbq71iyyscma2vvhwxjlpzx8fqqh9-curl-8.12.1-debug"
            },
            {
              "name": "dev",
              "path": "/nix/store/vgq4wjxqc1pg31i2hamypdj3zh1kjx74-curl-8.12.1-dev"
            },
            {
              "name": "devdoc",
              "path": "/nix/store/xynp72zh6y0d2xxisir41fd212hcz596-curl-8.12.1-devdoc"
            },
            {
              "name": "out",
              "path": "/nix/store/g7hzmaxs3iyinjzx6rzci1wcrn0h0dhk-curl-8.12.1"
            }
          ],
          "store_path": "/nix/store/z7wva8na2xihw715flhf7qzxmzajh2ka-curl-8.12.1-bin"
        },
        "x86_64-darwin": {
          "outputs": [
            {
              "name": "bin",
              "path": "/nix/store/p0x9dx56vyii50cwbv03wjkhwivpyg4b-curl-8.12.1-bin",
              "default": true
            },
            {
              "name": "man",
              "path": "/nix/store/rac3x8bmq64rbm4msd83652vcby7ibav-curl-8.12.1-man",
              "default": true
            },
            {
              "name": "dev",
              "path": "/nix/store/an8c76pbcv3sdli8cvg8sff8qnclh9rz-curl-8.12.1-dev"
            },
            {
              "name": "devdoc",
              "path": "/nix/store/kmwq1w6yjmb19glyqk3q6czn4kbg0xag-curl-8.12.1-devdoc"
            },
            {
              "name": "out",
              "path": "/nix/store/bi6qs79brnykvz8lc7kmjbmzxv3cjn1q-curl-8.12.1"
            }
          ],
          "store_path": "/nix/store/p0x9dx56vyii50cwbv03wjkhwivpyg4b-curl-8.12.1-bin"
        },
        "x86_64-linux": {
          "outputs": [
            {
              "name": "bin",
              "path": "/nix/store/k27z9fx6v0msbsl2p54sx4sx0r8247m6-curl-8.12.1-bin",
              "default": true
            },
            {
              "name": "man",
              "path": "/nix/store/03skkhbdzmivfr8c99rqbb9s5clfi0sy-curl-8.12.1-man",
              "default": true
            },
            {
              "name": "debug",
              "path": "/nix/store/w6wlkf6s83lnw87jvqgczqj2674ilx4a-curl-8.12.1-debug"
            },
            {
              "name": "dev",
              "path": "/nix/store/cn83nc0n8gkl0bi3spykczd3j44qkbq2-curl-8.12.1-dev"
            },
            {
              "name": "devdoc",
              "path": "/nix/store/ynv5wahwnghzk8v4zfbk8rmdn96cx4cf-curl-8.12.1-devdoc"
            },
            {
              "name": "out",
              "path": "/nix/store/l6hzv5ms9fi7mx2j3xh0i42anyjcgpp8-curl-8.12.1"
            }
          ],
          "store_path": "/nix/store/k27z9fx6v0msbsl2p54sx4sx0r8247m6-curl-8.12.1-bin"
        }
      }
    },
    "docker-compose@latest": {
      "last_modified": "2025-03-23T05:31:05Z",
      "resolved": "github:NixOS/nixpkgs/dd613136ee91f67e5dba3f3f41ac99ae89c5406b#docker-compose",
      "source": "devbox-search",
      "version": "2.34.0",
      "systems": {
        "aarch64-darwin": {
          "outputs": [
            {
              "name": "out",
              "path": "/nix/store/f1szxhsb34xina0p55v0kynjirbq3maa-docker-compose-2.34.0",
              "default": true
            }
          ],
          "store_path": "/nix/store/f1szxhsb34xina0p55v0kynjirbq3maa-docker-compose-2.34.0"
        },
        "aarch64-linux": {
          "outputs": [
            {
              "name": "out",
              "path": "/nix/store/w7nl6ibv4gniyh9i0dwdgs30zf69bfsf-docker-compose-2.34.0",
              "default": true
            }
          ],
          "store_path": "/nix/store/w7nl6ibv4gniyh9i0dwdgs30zf69bfsf-docker-compose-2.34.0"
        },
        "x86_64-darwin": {
          "outputs": [
            {
              "name": "out",
              "path": "/nix/store/zj4qbnpsx05x2n8bwvznfqfbz1pzs8a2-docker-compose-2.34.0",
              "default": true
            }
          ],
          "store_path": "/nix/store/zj4qbnpsx05x2n8bwvznfqfbz1pzs8a2-docker-compose-2.34.0"
        },
        "x86_64-linux": {
          "outputs": [
            {
              "name": "out",
              "path": "/nix/store/mg99cs4d8p0lsszdwawx7nr2zicdzq2x-docker-compose-2.34.0",
              "default": true
            }
          ],
          "store_path": "/nix/store/mg99cs4d8p0lsszdwawx7nr2zicdzq2x-docker-compose-2.34.0"
        }
      }
    },
    "github:NixOS/nixpkgs/nixpkgs-unstable": {
      "resolved": "github:NixOS/nixpkgs/250b695f41e0e2f5afbf15c6b12480de1fe0001b?lastModified=1743814133&narHash=sha256-drDyYyUmjeYGiHmwB9eOPTQRjmrq3Yz26knwmMPLZFk%3D"
    },
    "hurl@latest": {
      "last_modified": "2025-07-13T22:45:35Z",
      "resolved": "github:NixOS/nixpkgs/a421ac6595024edcfbb1ef950a3712b89161c359#hurl",
      "source": "devbox-search",
      "version": "6.1.1",
      "systems": {
        "aarch64-darwin": {
          "outputs": [
            {
              "name": "out",
              "path": "/nix/store/v72ii65p6p3dz2l7px89rn67gaj0ahfl-hurl-6.1.1",
              "default": true
            }
          ],
          "store_path": "/nix/store/v72ii65p6p3dz2l7px89rn67gaj0ahfl-hurl-6.1.1"
        },
        "aarch64-linux": {
          "outputs": [
            {
              "name": "out",
              "path": "/nix/store/hphmwpnaav4df9w4a8vb8dlk25l1jykb-hurl-6.1.1",
              "default": true
            }
          ],
          "store_path": "/nix/store/hphmwpnaav4df9w4a8vb8dlk25l1jykb-hurl-6.1.1"
        },
        "x86_64-darwin": {
          "outputs": [
            {
              "name": "out",
              "path": "/nix/store/b3i0z6z9bbdpianyqk0xnhvasycz7zk0-hurl-6.1.1",
              "default": true
            }
          ],
          "store_path": "/nix/store/b3i0z6z9bbdpianyqk0xnhvasycz7zk0-hurl-6.1.1"
        },
        "x86_64-linux": {
          "outputs": [
            {
              "name": "out",
              "path": "/nix/store/6klz9idai8rxw9wc8m2vnys5rslrwm48-hurl-6.1.1",
              "default": true
            }
          ],
          "store_path": "/nix/store/6klz9idai8rxw9wc8m2vnys5rslrwm48-hurl-6.1.1"
        }
      }
    },
    "k9s@latest": {
      "last_modified": "2025-03-23T05:31:05Z",
      "resolved": "github:NixOS/nixpkgs/dd613136ee91f67e5dba3f3f41ac99ae89c5406b#k9s",
      "source": "devbox-search",
      "version": "0.40.10",
      "systems": {
        "aarch64-darwin": {
          "outputs": [
            {
              "name": "out",
              "path": "/nix/store/c2pa1yiw32mailg012pp9mnrqz9578rw-k9s-0.40.10",
              "default": true
            }
          ],
          "store_path": "/nix/store/c2pa1yiw32mailg012pp9mnrqz9578rw-k9s-0.40.10"
        },
        "aarch64-linux": {
          "outputs": [
            {
              "name": "out",
              "path": "/nix/store/bc6da7fr0wj0niqm7dsqs3fsy0xqjnmc-k9s-0.40.10",
              "default": true
            }
          ],
          "store_path": "/nix/store/bc6da7fr0wj0niqm7dsqs3fsy0xqjnmc-k9s-0.40.10"
        },
        "x86_64-darwin": {
          "outputs": [
            {
              "name": "out",
              "path": "/nix/store/y351iddyl6gsdsbmm63npx5a8bxhrahd-k9s-0.40.10",
              "default": true
            }
          ],
          "store_path": "/nix/store/y351iddyl6gsdsbmm63npx5a8bxhrahd-k9s-0.40.10"
        },
        "x86_64-linux": {
          "outputs": [
            {
              "name": "out",
              "path": "/nix/store/vjz71svbgk1m77sb2cazzsk48gxz881n-k9s-0.40.10",
              "default": true
            }
          ],
          "store_path": "/nix/store/vjz71svbgk1m77sb2cazzsk48gxz881n-k9s-0.40.10"
        }
      }
    },
    "kubectl@latest": {
      "last_modified": "2025-03-23T05:31:05Z",
      "resolved": "github:NixOS/nixpkgs/dd613136ee91f67e5dba3f3f41ac99ae89c5406b#kubectl",
      "source": "devbox-search",
      "version": "1.32.3",
      "systems": {
        "aarch64-darwin": {
          "outputs": [
            {
              "name": "out",
              "path": "/nix/store/wi5qn5xlirnjzva70km0z5ks6i33hz9j-kubectl-1.32.3",
              "default": true
            },
            {
              "name": "man",
              "path": "/nix/store/aq8zfxz4q27wd3yfvhg195xnhqz0sadv-kubectl-1.32.3-man",
              "default": true
            },
            {
              "name": "convert",
              "path": "/nix/store/syijh55f8qy0ncx0drs4adxzgglx3y43-kubectl-1.32.3-convert"
            }
          ],
          "store_path": "/nix/store/wi5qn5xlirnjzva70km0z5ks6i33hz9j-kubectl-1.32.3"
        },
        "aarch64-linux": {
          "outputs": [
            {
              "name": "out",
              "path": "/nix/store/xxngczzyxq22m1i8pc9a57w16kzir33f-kubectl-1.32.3",
              "default": true
            },
            {
              "name": "man",
              "path": "/nix/store/n547iajzrqypmy89s5j2iyrdjn56fd5v-kubectl-1.32.3-man",
              "default": true
            },
            {
              "name": "convert",
              "path": "/nix/store/0frwvbmd2zxx2n1s7vw15cbdj7iw95js-kubectl-1.32.3-convert"
            }
          ],
          "store_path": "/nix/store/xxngczzyxq22m1i8pc9a57w16kzir33f-kubectl-1.32.3"
        },
        "x86_64-darwin": {
          "outputs": [
            {
              "name": "out",
              "path": "/nix/store/1q5hp8ffvjfx9badhfq0b7vcaz63fphg-kubectl-1.32.3",
              "default": true
            },
            {
              "name": "man",
              "path": "/nix/store/asq72wx432y362wflqhlg1c231g5svzc-kubectl-1.32.3-man",
              "default": true
            },
            {
              "name": "convert",
              "path": "/nix/store/6bqfs8a1sw4jvx9wadd5231fnr9yjdnh-kubectl-1.32.3-convert"
            }
          ],
          "store_path": "/nix/store/1q5hp8ffvjfx9badhfq0b7vcaz63fphg-kubectl-1.32.3"
        },
        "x86_64-linux": {
          "outputs": [
            {
              "name": "out",
              "path": "/nix/store/yaqxnlxynfil1c6lvxfrnmh06yfqarn8-kubectl-1.32.3",
              "default": true
            },
            {
              "name": "man",
              "path": "/nix/store/xdh1fr0b4dnladi7dwa0q2vwf878g9qd-kubectl-1.32.3-man",
              "default": true
            },
            {
              "name": "convert",
              "path": "/nix/store/5x3bhl684w2lmpg7k5dl8rz1408ci32g-kubectl-1.32.3-convert"
            }
          ],
          "store_path": "/nix/store/yaqxnlxynfil1c6lvxfrnmh06yfqarn8-kubectl-1.32.3"
        }
      }
    },
    "nodejs@24.2.0": {
      "last_modified": "2025-06-20T02:24:11Z",
      "plugin_version": "0.0.2",
      "resolved": "github:NixOS/nixpkgs/076e8c6678d8c54204abcb4b1b14c366835a58bb#nodejs_24",
      "source": "devbox-search",
      "version": "24.2.0",
      "systems": {
        "aarch64-darwin": {
          "outputs": [
            {
              "name": "out",
              "path": "/nix/store/78xjsjxlz816m628i9qfq6zd64fl0vx5-nodejs-24.2.0",
              "default": true
            },
            {
              "name": "dev",
              "path": "/nix/store/2qhf80f0drm10689vzl87qbhgkhv3zkh-nodejs-24.2.0-dev"
            },
            {
              "name": "libv8",
              "path": "/nix/store/vipmr51fhqazkm0il4pw192n6y7l49p0-nodejs-24.2.0-libv8"
            }
          ],
          "store_path": "/nix/store/78xjsjxlz816m628i9qfq6zd64fl0vx5-nodejs-24.2.0"
        },
        "aarch64-linux": {
          "outputs": [
            {
              "name": "out",
              "path": "/nix/store/zsdzmv6pakijcwsmqx5pczxbalkxbpsd-nodejs-24.2.0",
              "default": true
            },
            {
              "name": "dev",
              "path": "/nix/store/hr03sbf7a0x5784ykxld3hx6lxgqq8qy-nodejs-24.2.0-dev"
            },
            {
              "name": "libv8",
              "path": "/nix/store/z113gnz8adqwsvw0gzjc9n8m57z2j01z-nodejs-24.2.0-libv8"
            }
          ],
          "store_path": "/nix/store/zsdzmv6pakijcwsmqx5pczxbalkxbpsd-nodejs-24.2.0"
        },
        "x86_64-darwin": {
          "outputs": [
            {
              "name": "out",
              "path": "/nix/store/z70bvy27sg2n936q9lkcmqq3s8zxwjf9-nodejs-24.2.0",
              "default": true
            },
            {
              "name": "libv8",
              "path": "/nix/store/bp2fjpbznyr93kwxlp5aw2j1xr6r3cg9-nodejs-24.2.0-libv8"
            },
            {
              "name": "dev",
              "path": "/nix/store/0fd6d99l9xgdq8l1plsymkhywkpif5w6-nodejs-24.2.0-dev"
            }
          ],
          "store_path": "/nix/store/z70bvy27sg2n936q9lkcmqq3s8zxwjf9-nodejs-24.2.0"
        },
        "x86_64-linux": {
          "outputs": [
            {
              "name": "out",
              "path": "/nix/store/azpqgrv58akzqkj8fq8kb5dyc2jjk7zk-nodejs-24.2.0",
              "default": true
            },
            {
              "name": "libv8",
              "path": "/nix/store/0277k6p1chq0f2ay559jiddj7z8rwgpm-nodejs-24.2.0-libv8"
            },
            {
              "name": "dev",
              "path": "/nix/store/5wsjgd9sdsa6ria1302dc85ps84rlk7z-nodejs-24.2.0-dev"
            }
          ],
          "store_path": "/nix/store/azpqgrv58akzqkj8fq8kb5dyc2jjk7zk-nodejs-24.2.0"
        }
      }
    },
    "odo@latest": {
      "last_modified": "2025-03-11T17:52:14Z",
      "resolved": "github:NixOS/nixpkgs/0d534853a55b5d02a4ababa1d71921ce8f0aee4c#odo",
      "source": "devbox-search",
      "version": "3.16.1",
      "systems": {
        "aarch64-darwin": {
          "outputs": [
            {
              "name": "out",
              "path": "/nix/store/rj54y4gq6sqb73jfxn3ncay7h5yqscb8-odo-3.16.1",
              "default": true
            }
          ],
          "store_path": "/nix/store/rj54y4gq6sqb73jfxn3ncay7h5yqscb8-odo-3.16.1"
        },
        "aarch64-linux": {
          "outputs": [
            {
              "name": "out",
              "path": "/nix/store/gn0j57s78anpzgixqjxqhaawvp6rq4s9-odo-3.16.1",
              "default": true
            }
          ],
          "store_path": "/nix/store/gn0j57s78anpzgixqjxqhaawvp6rq4s9-odo-3.16.1"
        },
        "x86_64-darwin": {
          "outputs": [
            {
              "name": "out",
              "path": "/nix/store/qsx82lii56wyy5kjamgk58kyc7yf6720-odo-3.16.1",
              "default": true
            }
          ],
          "store_path": "/nix/store/qsx82lii56wyy5kjamgk58kyc7yf6720-odo-3.16.1"
        },
        "x86_64-linux": {
          "outputs": [
            {
              "name": "out",
              "path": "/nix/store/0qnjyn5vv8c9gm11fx9spn6agzi1wh2d-odo-3.16.1",
              "default": true
            }
          ],
          "store_path": "/nix/store/0qnjyn5vv8c9gm11fx9spn6agzi1wh2d-odo-3.16.1"
        }
      }
    },
    "protobuf@latest": {
      "last_modified": "2025-03-11T17:52:14Z",
      "resolved": "github:NixOS/nixpkgs/0d534853a55b5d02a4ababa1d71921ce8f0aee4c#protobuf",
      "source": "devbox-search",
      "version": "29.3",
      "systems": {
        "aarch64-darwin": {
          "outputs": [
            {
              "name": "out",
              "path": "/nix/store/58jn4whaqazv0s1q8h7j8hhjm60jnwg1-protobuf-29.3",
              "default": true
            }
          ],
          "store_path": "/nix/store/58jn4whaqazv0s1q8h7j8hhjm60jnwg1-protobuf-29.3"
        },
        "aarch64-linux": {
          "outputs": [
            {
              "name": "out",
              "path": "/nix/store/p795f29nbbn6yf844wgkcwcyyb6i4npa-protobuf-29.3",
              "default": true
            }
          ],
          "store_path": "/nix/store/p795f29nbbn6yf844wgkcwcyyb6i4npa-protobuf-29.3"
        },
        "x86_64-darwin": {
          "outputs": [
            {
              "name": "out",
              "path": "/nix/store/m9i04qsxlf4nysnj8x37aj1ff7nkpbgb-protobuf-29.3",
              "default": true
            }
          ],
          "store_path": "/nix/store/m9i04qsxlf4nysnj8x37aj1ff7nkpbgb-protobuf-29.3"
        },
        "x86_64-linux": {
          "outputs": [
            {
              "name": "out",
              "path": "/nix/store/pd7bmq5fhw9wr91apvci6igkhwr291f0-protobuf-29.3",
              "default": true
            }
          ],
          "store_path": "/nix/store/pd7bmq5fhw9wr91apvci6igkhwr291f0-protobuf-29.3"
        }
      }
    },
    "uv@latest": {
      "last_modified": "2025-03-26T18:47:43Z",
      "resolved": "github:NixOS/nixpkgs/bd3bac8bfb542dbde7ffffb6987a1a1f9d41699f#uv",
      "source": "devbox-search",
      "version": "0.6.10",
      "systems": {
        "aarch64-darwin": {
          "outputs": [
            {
              "name": "out",
              "path": "/nix/store/mxbd5dskidm87s7pkifn4j999xvgw1l4-uv-0.6.10",
              "default": true
            }
          ],
          "store_path": "/nix/store/mxbd5dskidm87s7pkifn4j999xvgw1l4-uv-0.6.10"
        },
        "aarch64-linux": {
          "outputs": [
            {
              "name": "out",
              "path": "/nix/store/92zlw4nxh07nfbk0pj0ig37bc2j1n72z-uv-0.6.10",
              "default": true
            }
          ],
          "store_path": "/nix/store/92zlw4nxh07nfbk0pj0ig37bc2j1n72z-uv-0.6.10"
        },
        "x86_64-darwin": {
          "outputs": [
            {
              "name": "out",
              "path": "/nix/store/jrv7awaxyr77ksx6fjm7nqrqxx54svg3-uv-0.6.10",
              "default": true
            }
          ],
          "store_path": "/nix/store/jrv7awaxyr77ksx6fjm7nqrqxx54svg3-uv-0.6.10"
        },
        "x86_64-linux": {
          "outputs": [
            {
              "name": "out",
              "path": "/nix/store/jcg8fnn76jdvf3aygbkh350cs9hgr9jb-uv-0.6.10",
              "default": true
            }
          ],
          "store_path": "/nix/store/jcg8fnn76jdvf3aygbkh350cs9hgr9jb-uv-0.6.10"
        }
      }
    },
    "zig@latest": {
      "last_modified": "2025-03-11T17:52:14Z",
      "resolved": "github:NixOS/nixpkgs/0d534853a55b5d02a4ababa1d71921ce8f0aee4c#zig",
      "source": "devbox-search",
      "version": "0.14.0",
      "systems": {
        "aarch64-darwin": {
          "outputs": [
            {
              "name": "out",
              "path": "/nix/store/rinia2aazl4ba2q9lvmbkzzvf3dx82k0-zig-0.14.0",
              "default": true
            },
            {
              "name": "doc",
              "path": "/nix/store/3h3w5rx02fgsi2spk38c2drqxyygxra8-zig-0.14.0-doc"
            }
          ],
          "store_path": "/nix/store/rinia2aazl4ba2q9lvmbkzzvf3dx82k0-zig-0.14.0"
        },
        "aarch64-linux": {
          "outputs": [
            {
              "name": "out",
              "path": "/nix/store/j01cnwirkn9dc3k1srhsdrh1hjqkymcd-zig-0.14.0",
              "default": true
            },
            {
              "name": "doc",
              "path": "/nix/store/bdxhm7svza9lbsn6k59bxz2dzyjjyi3k-zig-0.14.0-doc"
            }
          ],
          "store_path": "/nix/store/j01cnwirkn9dc3k1srhsdrh1hjqkymcd-zig-0.14.0"
        },
        "x86_64-darwin": {
          "outputs": [
            {
              "name": "out",
              "path": "/nix/store/cyqal1kd73a76api1gmmils6mbxlp1na-zig-0.14.0",
              "default": true
            },
            {
              "name": "doc",
              "path": "/nix/store/wb68g4fjyhn8fc2x516jiz2h9ln544y8-zig-0.14.0-doc"
            }
          ],
          "store_path": "/nix/store/cyqal1kd73a76api1gmmils6mbxlp1na-zig-0.14.0"
        },
        "x86_64-linux": {
          "outputs": [
            {
              "name": "out",
              "path": "/nix/store/dzdlr4lms4wgjvi02r1pcqh54iiq9pn5-zig-0.14.0",
              "default": true
            },
            {
              "name": "doc",
              "path": "/nix/store/ic33i3ddk1ah4rgqlr4fcx6did1fm8wv-zig-0.14.0-doc"
            }
          ],
          "store_path": "/nix/store/dzdlr4lms4wgjvi02r1pcqh54iiq9pn5-zig-0.14.0"
        }
      }
    }
  }
}
