{
  "lockfile_version": "1",
  "packages": {
    "bun@latest": {
      "last_modified": "2025-07-28T17:09:23Z",
      "resolved": "github:NixOS/nixpkgs/648f70160c03151bc2121d179291337ad6bc564b#bun",
      "source": "devbox-search",
      "version": "1.2.19",
      "systems": {
        "aarch64-darwin": {
          "outputs": [
            {
              "name": "out",
              "path": "/nix/store/l08n46gh7klp2k7nyvmnx79f8p4hysfn-bun-1.2.19",
              "default": true
            }
          ],
          "store_path": "/nix/store/l08n46gh7klp2k7nyvmnx79f8p4hysfn-bun-1.2.19"
        },
        "aarch64-linux": {
          "outputs": [
            {
              "name": "out",
              "path": "/nix/store/z8g8qnq77kiam9p28i0mgz1c593p20zj-bun-1.2.19",
              "default": true
            }
          ],
          "store_path": "/nix/store/z8g8qnq77kiam9p28i0mgz1c593p20zj-bun-1.2.19"
        },
        "x86_64-darwin": {
          "outputs": [
            {
              "name": "out",
              "path": "/nix/store/xqb8kv7x7jvw20568vprcbc0vvwwrr1w-bun-1.2.19",
              "default": true
            }
          ],
          "store_path": "/nix/store/xqb8kv7x7jvw20568vprcbc0vvwwrr1w-bun-1.2.19"
        },
        "x86_64-linux": {
          "outputs": [
            {
              "name": "out",
              "path": "/nix/store/vhsmlg6lmlgydrmjgqnn7zx524cn3q2x-bun-1.2.19",
              "default": true
            }
          ],
          "store_path": "/nix/store/vhsmlg6lmlgydrmjgqnn7zx524cn3q2x-bun-1.2.19"
        }
      }
    },
    "curl@latest": {
      "last_modified": "2025-08-11T16:06:55Z",
      "resolved": "github:NixOS/nixpkgs/4e942f9ef5b35526597c354d1ded817d1c285ef1#curl",
      "source": "devbox-search",
      "version": "8.14.1",
      "systems": {
        "aarch64-darwin": {
          "outputs": [
            {
              "name": "bin",
              "path": "/nix/store/imspxq4rizhk2lpv3a25ngm2lmcc35p4-curl-8.14.1-bin",
              "default": true
            },
            {
              "name": "man",
              "path": "/nix/store/qvxv8a6bhj6b3r3d3zxax8ksk7gx42k0-curl-8.14.1-man",
              "default": true
            },
            {
              "name": "dev",
              "path": "/nix/store/q9m2lbh8v0zqpb8av029ph7zn63gs9jd-curl-8.14.1-dev"
            },
            {
              "name": "devdoc",
              "path": "/nix/store/knz60qb7akg16z3zc4ya4j74nnh4d41z-curl-8.14.1-devdoc"
            },
            {
              "name": "out",
              "path": "/nix/store/8b6q78qwjn07zy4i5pxfbsfq50prgkfp-curl-8.14.1"
            }
          ],
          "store_path": "/nix/store/imspxq4rizhk2lpv3a25ngm2lmcc35p4-curl-8.14.1-bin"
        },
        "aarch64-linux": {
          "outputs": [
            {
              "name": "bin",
              "path": "/nix/store/xjyd8czibdxvwqyh7ybnh300cykzis3g-curl-8.14.1-bin",
              "default": true
            },
            {
              "name": "man",
              "path": "/nix/store/h97kdc67n02xx4ij47gh448knfxrxkyr-curl-8.14.1-man",
              "default": true
            },
            {
              "name": "debug",
              "path": "/nix/store/qls3y5lyqnzgqi19w0vhsg7fsw4p7slw-curl-8.14.1-debug"
            },
            {
              "name": "dev",
              "path": "/nix/store/fzy5wbav5r78alzhsalh4bnp1wdwsd4h-curl-8.14.1-dev"
            },
            {
              "name": "devdoc",
              "path": "/nix/store/j7jilzkvpzg8iz4lhpb0zjnv4gn58n47-curl-8.14.1-devdoc"
            },
            {
              "name": "out",
              "path": "/nix/store/7zlkjxk4n4n2mch4ssblql8855gqnzqv-curl-8.14.1"
            }
          ],
          "store_path": "/nix/store/xjyd8czibdxvwqyh7ybnh300cykzis3g-curl-8.14.1-bin"
        },
        "x86_64-darwin": {
          "outputs": [
            {
              "name": "bin",
              "path": "/nix/store/a2a99s8h5jjfzx8704awj9110kvslzp1-curl-8.14.1-bin",
              "default": true
            },
            {
              "name": "man",
              "path": "/nix/store/yq9vks1sd1q6xk2w18h8mwm679v8c00c-curl-8.14.1-man",
              "default": true
            },
            {
              "name": "dev",
              "path": "/nix/store/688vl41z3mqnfx0r9y4pm3p8hphq5cw8-curl-8.14.1-dev"
            },
            {
              "name": "devdoc",
              "path": "/nix/store/zjrh5iz7a0gg20jxc8hwlcsxijh03n9p-curl-8.14.1-devdoc"
            },
            {
              "name": "out",
              "path": "/nix/store/w5aw4lds1xyg4hi1k5dk43bwhrfw5061-curl-8.14.1"
            }
          ],
          "store_path": "/nix/store/a2a99s8h5jjfzx8704awj9110kvslzp1-curl-8.14.1-bin"
        },
        "x86_64-linux": {
          "outputs": [
            {
              "name": "bin",
              "path": "/nix/store/z1l1b9bdzk6yspdf53z90n2dv311g1r6-curl-8.14.1-bin",
              "default": true
            },
            {
              "name": "man",
              "path": "/nix/store/zv6lnrb8hladdc91y0v4mazi0sxwmzq2-curl-8.14.1-man",
              "default": true
            },
            {
              "name": "devdoc",
              "path": "/nix/store/lrnviaphs4pf2cy3625d0vp94c4pzbpm-curl-8.14.1-devdoc"
            },
            {
              "name": "out",
              "path": "/nix/store/95iy4kvy1xllg2fpb14dhw4m3ff3l0f0-curl-8.14.1"
            },
            {
              "name": "debug",
              "path": "/nix/store/q116b51lfnj36r2cyfhrjad7lr6kydx8-curl-8.14.1-debug"
            },
            {
              "name": "dev",
              "path": "/nix/store/912hlbqiabfk5xy0ajla6z9dwzlwkn87-curl-8.14.1-dev"
            }
          ],
          "store_path": "/nix/store/z1l1b9bdzk6yspdf53z90n2dv311g1r6-curl-8.14.1-bin"
        }
      }
    },
    "docker-compose@latest": {
      "last_modified": "2025-08-05T11:35:34Z",
      "resolved": "github:NixOS/nixpkgs/a683adc19ff5228af548c6539dbc3440509bfed3#docker-compose",
      "source": "devbox-search",
      "version": "2.39.1",
      "systems": {
        "aarch64-darwin": {
          "outputs": [
            {
              "name": "out",
              "path": "/nix/store/pdf7dk7h14j9r4jl0g69cn43yy5k3aag-docker-compose-2.39.1",
              "default": true
            }
          ],
          "store_path": "/nix/store/pdf7dk7h14j9r4jl0g69cn43yy5k3aag-docker-compose-2.39.1"
        },
        "aarch64-linux": {
          "outputs": [
            {
              "name": "out",
              "path": "/nix/store/yc8wxyrrfshjkir0mzpinhc83csf6zbq-docker-compose-2.39.1",
              "default": true
            }
          ],
          "store_path": "/nix/store/yc8wxyrrfshjkir0mzpinhc83csf6zbq-docker-compose-2.39.1"
        },
        "x86_64-darwin": {
          "outputs": [
            {
              "name": "out",
              "path": "/nix/store/4gnjlj3zxawkcdsx41w06q30iffv5ib5-docker-compose-2.39.1",
              "default": true
            }
          ],
          "store_path": "/nix/store/4gnjlj3zxawkcdsx41w06q30iffv5ib5-docker-compose-2.39.1"
        },
        "x86_64-linux": {
          "outputs": [
            {
              "name": "out",
              "path": "/nix/store/w46v54z6951g7ibbzjy1vh9c2q8nvx6m-docker-compose-2.39.1",
              "default": true
            }
          ],
          "store_path": "/nix/store/w46v54z6951g7ibbzjy1vh9c2q8nvx6m-docker-compose-2.39.1"
        }
      }
    },
    "github:NixOS/nixpkgs/nixos-unstable#zig": {
      "last_modified": "2025-09-18T12:31:41Z",
      "resolved": "github:NixOS/nixpkgs/0147c2f1d54b30b5dd6d4a8c8542e8d7edf93b5d?lastModified=1758198701&narHash=sha256-7To75JlpekfUmdkUZewnT6MoBANS0XVypW6kjUOXQwc%3D#zig"
    },
    "github:NixOS/nixpkgs/nixpkgs-unstable": {
      "last_modified": "2025-10-12T08:13:11Z",
      "resolved": "github:NixOS/nixpkgs/832e3b6db48508ae436c2c7bfc0cf914eac6938e?lastModified=1760256791&narHash=sha256-uTpzDHRASEDeFUuToWSQ46Re8beXyG9dx4W36FQa0%2Fc%3D"
    },
    "hurl@latest": {
      "last_modified": "2025-07-28T17:09:23Z",
      "resolved": "github:NixOS/nixpkgs/648f70160c03151bc2121d179291337ad6bc564b#hurl",
      "source": "devbox-search",
      "version": "6.1.1",
      "systems": {
        "aarch64-darwin": {
          "outputs": [
            {
              "name": "out",
              "path": "/nix/store/5mwqjv0zawqbjn2qxa2qz27g6ng69z6l-hurl-6.1.1",
              "default": true
            }
          ],
          "store_path": "/nix/store/5mwqjv0zawqbjn2qxa2qz27g6ng69z6l-hurl-6.1.1"
        },
        "aarch64-linux": {
          "outputs": [
            {
              "name": "out",
              "path": "/nix/store/qa86gc6gcriz9zyafi58r2l83a72f2f2-hurl-6.1.1",
              "default": true
            }
          ],
          "store_path": "/nix/store/qa86gc6gcriz9zyafi58r2l83a72f2f2-hurl-6.1.1"
        },
        "x86_64-darwin": {
          "outputs": [
            {
              "name": "out",
              "path": "/nix/store/2hf9bn41fjygny1nnyb9i1aq8swkw1c8-hurl-6.1.1",
              "default": true
            }
          ],
          "store_path": "/nix/store/2hf9bn41fjygny1nnyb9i1aq8swkw1c8-hurl-6.1.1"
        },
        "x86_64-linux": {
          "outputs": [
            {
              "name": "out",
              "path": "/nix/store/82g9bzqf0w1ph95a4q9vwzx696jsz44q-hurl-6.1.1",
              "default": true
            }
          ],
          "store_path": "/nix/store/82g9bzqf0w1ph95a4q9vwzx696jsz44q-hurl-6.1.1"
        }
      }
    },
    "k9s@latest": {
      "last_modified": "2025-07-28T17:09:23Z",
      "resolved": "github:NixOS/nixpkgs/648f70160c03151bc2121d179291337ad6bc564b#k9s",
      "source": "devbox-search",
      "version": "0.50.9",
      "systems": {
        "aarch64-darwin": {
          "outputs": [
            {
              "name": "out",
              "path": "/nix/store/9lbspbg4vwqji66y5cjx4fdkzyc6gndc-k9s-0.50.9",
              "default": true
            }
          ],
          "store_path": "/nix/store/9lbspbg4vwqji66y5cjx4fdkzyc6gndc-k9s-0.50.9"
        },
        "aarch64-linux": {
          "outputs": [
            {
              "name": "out",
              "path": "/nix/store/0p2d1lqikd1ybji3zf8nffcj3s24a1lh-k9s-0.50.9",
              "default": true
            }
          ],
          "store_path": "/nix/store/0p2d1lqikd1ybji3zf8nffcj3s24a1lh-k9s-0.50.9"
        },
        "x86_64-darwin": {
          "outputs": [
            {
              "name": "out",
              "path": "/nix/store/fyh4dy9xcyi3wf5rclbhn6ihssxvnn6k-k9s-0.50.9",
              "default": true
            }
          ],
          "store_path": "/nix/store/fyh4dy9xcyi3wf5rclbhn6ihssxvnn6k-k9s-0.50.9"
        },
        "x86_64-linux": {
          "outputs": [
            {
              "name": "out",
              "path": "/nix/store/gjlg5swbvf9kx15da6qb6gpgmgf8a8zi-k9s-0.50.9",
              "default": true
            }
          ],
          "store_path": "/nix/store/gjlg5swbvf9kx15da6qb6gpgmgf8a8zi-k9s-0.50.9"
        }
      }
    },
    "kubectl@latest": {
      "last_modified": "2025-07-28T17:09:23Z",
      "resolved": "github:NixOS/nixpkgs/648f70160c03151bc2121d179291337ad6bc564b#kubectl",
      "source": "devbox-search",
      "version": "1.33.3",
      "systems": {
        "aarch64-darwin": {
          "outputs": [
            {
              "name": "out",
              "path": "/nix/store/k5hj0mxpv84w7xzx2z4wc06r4hg1ccwj-kubectl-1.33.3",
              "default": true
            },
            {
              "name": "man",
              "path": "/nix/store/2mckzmqkc5y3bh66sx2ij6sy2l1yy5s3-kubectl-1.33.3-man",
              "default": true
            },
            {
              "name": "convert",
              "path": "/nix/store/x225vv21kfp2pgi3hxac4cpz60qlh6nv-kubectl-1.33.3-convert"
            }
          ],
          "store_path": "/nix/store/k5hj0mxpv84w7xzx2z4wc06r4hg1ccwj-kubectl-1.33.3"
        },
        "aarch64-linux": {
          "outputs": [
            {
              "name": "out",
              "path": "/nix/store/cclissn11ab1rw49qybz8q31631n3m9x-kubectl-1.33.3",
              "default": true
            },
            {
              "name": "man",
              "path": "/nix/store/5npib1jfzm5mnv2ri6lv3z1l2pxhp8lr-kubectl-1.33.3-man",
              "default": true
            },
            {
              "name": "convert",
              "path": "/nix/store/1ahkazwv31h3irkxpzazg20kpn3kngbz-kubectl-1.33.3-convert"
            }
          ],
          "store_path": "/nix/store/cclissn11ab1rw49qybz8q31631n3m9x-kubectl-1.33.3"
        },
        "x86_64-darwin": {
          "outputs": [
            {
              "name": "out",
              "path": "/nix/store/qhvbci1vbd66884yza8d8sr3xn08v5ar-kubectl-1.33.3",
              "default": true
            },
            {
              "name": "man",
              "path": "/nix/store/9r8lxjhv229w8c2gf0kbwsfjl9jcv6y2-kubectl-1.33.3-man",
              "default": true
            },
            {
              "name": "convert",
              "path": "/nix/store/x74dqs19xz986l140bjn15awxf62dkys-kubectl-1.33.3-convert"
            }
          ],
          "store_path": "/nix/store/qhvbci1vbd66884yza8d8sr3xn08v5ar-kubectl-1.33.3"
        },
        "x86_64-linux": {
          "outputs": [
            {
              "name": "out",
              "path": "/nix/store/vpx0zzs0hazp7k9byys204jl805ksa2y-kubectl-1.33.3",
              "default": true
            },
            {
              "name": "man",
              "path": "/nix/store/w38d510ixf5ijs8z4j6c2yiinqk8ddx8-kubectl-1.33.3-man",
              "default": true
            },
            {
              "name": "convert",
              "path": "/nix/store/sj77h1x39z09mmq6rv1cjmpj6gg9gylf-kubectl-1.33.3-convert"
            }
          ],
          "store_path": "/nix/store/vpx0zzs0hazp7k9byys204jl805ksa2y-kubectl-1.33.3"
        }
      }
    },
    "nodejs@24.2.0": {
      "last_modified": "2025-06-20T02:24:11Z",
      "plugin_version": "0.0.2",
      "resolved": "github:NixOS/nixpkgs/076e8c6678d8c54204abcb4b1b14c366835a58bb#nodejs_24",
      "source": "devbox-search",
      "version": "24.2.0",
      "systems": {
        "aarch64-darwin": {
          "outputs": [
            {
              "name": "out",
              "path": "/nix/store/78xjsjxlz816m628i9qfq6zd64fl0vx5-nodejs-24.2.0",
              "default": true
            },
            {
              "name": "dev",
              "path": "/nix/store/2qhf80f0drm10689vzl87qbhgkhv3zkh-nodejs-24.2.0-dev"
            },
            {
              "name": "libv8",
              "path": "/nix/store/vipmr51fhqazkm0il4pw192n6y7l49p0-nodejs-24.2.0-libv8"
            }
          ],
          "store_path": "/nix/store/78xjsjxlz816m628i9qfq6zd64fl0vx5-nodejs-24.2.0"
        },
        "aarch64-linux": {
          "outputs": [
            {
              "name": "out",
              "path": "/nix/store/zsdzmv6pakijcwsmqx5pczxbalkxbpsd-nodejs-24.2.0",
              "default": true
            },
            {
              "name": "dev",
              "path": "/nix/store/hr03sbf7a0x5784ykxld3hx6lxgqq8qy-nodejs-24.2.0-dev"
            },
            {
              "name": "libv8",
              "path": "/nix/store/z113gnz8adqwsvw0gzjc9n8m57z2j01z-nodejs-24.2.0-libv8"
            }
          ],
          "store_path": "/nix/store/zsdzmv6pakijcwsmqx5pczxbalkxbpsd-nodejs-24.2.0"
        },
        "x86_64-darwin": {
          "outputs": [
            {
              "name": "out",
              "path": "/nix/store/z70bvy27sg2n936q9lkcmqq3s8zxwjf9-nodejs-24.2.0",
              "default": true
            },
            {
              "name": "dev",
              "path": "/nix/store/0fd6d99l9xgdq8l1plsymkhywkpif5w6-nodejs-24.2.0-dev"
            },
            {
              "name": "libv8",
              "path": "/nix/store/bp2fjpbznyr93kwxlp5aw2j1xr6r3cg9-nodejs-24.2.0-libv8"
            }
          ],
          "store_path": "/nix/store/z70bvy27sg2n936q9lkcmqq3s8zxwjf9-nodejs-24.2.0"
        },
        "x86_64-linux": {
          "outputs": [
            {
              "name": "out",
              "path": "/nix/store/azpqgrv58akzqkj8fq8kb5dyc2jjk7zk-nodejs-24.2.0",
              "default": true
            },
            {
              "name": "dev",
              "path": "/nix/store/5wsjgd9sdsa6ria1302dc85ps84rlk7z-nodejs-24.2.0-dev"
            },
            {
              "name": "libv8",
              "path": "/nix/store/0277k6p1chq0f2ay559jiddj7z8rwgpm-nodejs-24.2.0-libv8"
            }
          ],
          "store_path": "/nix/store/azpqgrv58akzqkj8fq8kb5dyc2jjk7zk-nodejs-24.2.0"
        }
      }
    },
    "odo@latest": {
      "last_modified": "2025-07-28T17:09:23Z",
      "resolved": "github:NixOS/nixpkgs/648f70160c03151bc2121d179291337ad6bc564b#odo",
      "source": "devbox-search",
      "version": "3.16.1",
      "systems": {
        "aarch64-darwin": {
          "outputs": [
            {
              "name": "out",
              "path": "/nix/store/ydbdlafykn504x27jzm9rh2wm329n7pj-odo-3.16.1",
              "default": true
            }
          ],
          "store_path": "/nix/store/ydbdlafykn504x27jzm9rh2wm329n7pj-odo-3.16.1"
        },
        "aarch64-linux": {
          "outputs": [
            {
              "name": "out",
              "path": "/nix/store/4721r4q1isvnw19j7wqhwhpg4aamvkm8-odo-3.16.1",
              "default": true
            }
          ],
          "store_path": "/nix/store/4721r4q1isvnw19j7wqhwhpg4aamvkm8-odo-3.16.1"
        },
        "x86_64-darwin": {
          "outputs": [
            {
              "name": "out",
              "path": "/nix/store/vqvwvs5lhpjl56i40wrjscdj8ay94s71-odo-3.16.1",
              "default": true
            }
          ],
          "store_path": "/nix/store/vqvwvs5lhpjl56i40wrjscdj8ay94s71-odo-3.16.1"
        },
        "x86_64-linux": {
          "outputs": [
            {
              "name": "out",
              "path": "/nix/store/3pibb2rqfcrs2miw7zglbi6nvshki7l4-odo-3.16.1",
              "default": true
            }
          ],
          "store_path": "/nix/store/3pibb2rqfcrs2miw7zglbi6nvshki7l4-odo-3.16.1"
        }
      }
    },
    "protobuf@latest": {
      "last_modified": "2025-07-28T17:09:23Z",
      "resolved": "github:NixOS/nixpkgs/648f70160c03151bc2121d179291337ad6bc564b#protobuf",
      "source": "devbox-search",
      "version": "31.1",
      "systems": {
        "aarch64-darwin": {
          "outputs": [
            {
              "name": "out",
              "path": "/nix/store/7862xphb8a6sxwx5g2mqbp19jbmdjcgr-protobuf-31.1",
              "default": true
            }
          ],
          "store_path": "/nix/store/7862xphb8a6sxwx5g2mqbp19jbmdjcgr-protobuf-31.1"
        },
        "aarch64-linux": {
          "outputs": [
            {
              "name": "out",
              "path": "/nix/store/ff3xazkgjjdr1lfi22ys8gz55ddqkq16-protobuf-31.1",
              "default": true
            }
          ],
          "store_path": "/nix/store/ff3xazkgjjdr1lfi22ys8gz55ddqkq16-protobuf-31.1"
        },
        "x86_64-darwin": {
          "outputs": [
            {
              "name": "out",
              "path": "/nix/store/yybkqn0djvgmsizndrl1sp7y7a5wsqwq-protobuf-31.1",
              "default": true
            }
          ],
          "store_path": "/nix/store/yybkqn0djvgmsizndrl1sp7y7a5wsqwq-protobuf-31.1"
        },
        "x86_64-linux": {
          "outputs": [
            {
              "name": "out",
              "path": "/nix/store/82dkd41796gz81i8nqx70xjcajy32p3q-protobuf-31.1",
              "default": true
            }
          ],
          "store_path": "/nix/store/82dkd41796gz81i8nqx70xjcajy32p3q-protobuf-31.1"
        }
      }
    },
    "uv@latest": {
      "last_modified": "2025-07-28T17:09:23Z",
      "resolved": "github:NixOS/nixpkgs/648f70160c03151bc2121d179291337ad6bc564b#uv",
      "source": "devbox-search",
      "version": "0.8.2",
      "systems": {
        "aarch64-darwin": {
          "outputs": [
            {
              "name": "out",
              "path": "/nix/store/db9y1b002zlnyjgpsnbl9hvlwsiqajl4-uv-0.8.2",
              "default": true
            }
          ],
          "store_path": "/nix/store/db9y1b002zlnyjgpsnbl9hvlwsiqajl4-uv-0.8.2"
        },
        "aarch64-linux": {
          "outputs": [
            {
              "name": "out",
              "path": "/nix/store/bdps6h2gn2rysavc3cq2slqnjlsyyk03-uv-0.8.2",
              "default": true
            }
          ],
          "store_path": "/nix/store/bdps6h2gn2rysavc3cq2slqnjlsyyk03-uv-0.8.2"
        },
        "x86_64-darwin": {
          "outputs": [
            {
              "name": "out",
              "path": "/nix/store/91g6383zq1wbiik2an7g6yfrj294c19v-uv-0.8.2",
              "default": true
            }
          ],
          "store_path": "/nix/store/91g6383zq1wbiik2an7g6yfrj294c19v-uv-0.8.2"
        },
        "x86_64-linux": {
          "outputs": [
            {
              "name": "out",
              "path": "/nix/store/swq8qrr7n5gkc1b4940q62a3ll52prgl-uv-0.8.2",
              "default": true
            }
          ],
          "store_path": "/nix/store/swq8qrr7n5gkc1b4940q62a3ll52prgl-uv-0.8.2"
        }
      }
    },
    "zls@latest": {
      "last_modified": "2025-09-18T16:33:27Z",
      "resolved": "github:NixOS/nixpkgs/f4b140d5b253f5e2a1ff4e5506edbf8267724bde#zls",
      "source": "devbox-search",
      "version": "0.15.0",
      "systems": {
        "aarch64-darwin": {
          "outputs": [
            {
              "name": "out",
              "path": "/nix/store/bsljd7agns9nyw9ab6dihzg941vpqgh5-zls-0.15.0",
              "default": true
            }
          ],
          "store_path": "/nix/store/bsljd7agns9nyw9ab6dihzg941vpqgh5-zls-0.15.0"
        },
        "aarch64-linux": {
          "outputs": [
            {
              "name": "out",
              "path": "/nix/store/0w3vmmd7lddc046gpmgzqvwmfvxwaa3z-zls-0.15.0",
              "default": true
            }
          ],
          "store_path": "/nix/store/0w3vmmd7lddc046gpmgzqvwmfvxwaa3z-zls-0.15.0"
        },
        "x86_64-linux": {
          "outputs": [
            {
              "name": "out",
              "path": "/nix/store/7qcs2bas8m4h4bgri3psnz1w9cvlbh8c-zls-0.15.0",
              "default": true
            }
          ],
          "store_path": "/nix/store/7qcs2bas8m4h4bgri3psnz1w9cvlbh8c-zls-0.15.0"
        }
      }
    }
  }
}
